
Microsoft Visual Studio Solution File, Format Version 12.00
# Visual Studio Version 17
VisualStudioVersion = 17.8.34330.188
MinimumVisualStudioVersion = 10.0.40219.1
Project("{FAE04EC0-301F-11D3-BF4B-00C04F79EFBC}") = "lab1", "lab1\lab1.csproj", "{E9E4D3ED-9AEE-405E-A2C4-D5A1398B1929}"
EndProject
Global
	GlobalSection(SolutionConfigurationPlatforms) = preSolution
		Debug|Any CPU = Debug|Any CPU
		Release|Any CPU = Release|Any CPU
	EndGlobalSection
	GlobalSection(ProjectConfigurationPlatforms) = postSolution
		{E9E4D3ED-9AEE-405E-A2C4-D5A1398B1929}.Debug|Any CPU.ActiveCfg = Debug|Any CPU
		{E9E4D3ED-9AEE-405E-A2C4-D5A1398B1929}.Debug|Any CPU.Build.0 = Debug|Any CPU
		{E9E4D3ED-9AEE-405E-A2C4-D5A1398B1929}.Release|Any CPU.ActiveCfg = Release|Any CPU
		{E9E4D3ED-9AEE-405E-A2C4-D5A1398B1929}.Release|Any CPU.Build.0 = Release|Any CPU
	EndGlobalSection
	GlobalSection(SolutionProperties) = preSolution
		HideSolutionNode = FALSE
	EndGlobalSection
	GlobalSection(ExtensibilityGlobals) = postSolution
		SolutionGuid = {DED4FCD3-5745-4C7E-92ED-0BF25B9815A9}
	EndGlobalSection
EndGlobal
